// !$*UTF8*$!
{
	archiveVersion = 1;
	classes = {
	};
	objectVersion = 50;
	objects = {

/* Begin PBXBuildFile section */
		9D2E7BD224EE8D6A00AB8C52 /* AppDelegate.swift in Sources */ = {isa = PBXBuildFile; fileRef = 9D2E7BD124EE8D6A00AB8C52 /* AppDelegate.swift */; };
		9D2E7BD424EE8D6A00AB8C52 /* SceneDelegate.swift in Sources */ = {isa = PBXBuildFile; fileRef = 9D2E7BD324EE8D6A00AB8C52 /* SceneDelegate.swift */; };
		9D2E7BD624EE8D6A00AB8C52 /* ViewController.swift in Sources */ = {isa = PBXBuildFile; fileRef = 9D2E7BD524EE8D6A00AB8C52 /* ViewController.swift */; };
		9D2E7BD924EE8D6A00AB8C52 /* Main.storyboard in Resources */ = {isa = PBXBuildFile; fileRef = 9D2E7BD724EE8D6A00AB8C52 /* Main.storyboard */; };
		9D2E7BDB24EE8D7100AB8C52 /* Assets.xcassets in Resources */ = {isa = PBXBuildFile; fileRef = 9D2E7BDA24EE8D7100AB8C52 /* Assets.xcassets */; };
		9D2E7BDE24EE8D7100AB8C52 /* LaunchScreen.storyboard in Resources */ = {isa = PBXBuildFile; fileRef = 9D2E7BDC24EE8D7100AB8C52 /* LaunchScreen.storyboard */; };
		9D2E7BE824EE998300AB8C52 /* FavoritesViewController.swift in Sources */ = {isa = PBXBuildFile; fileRef = 9D2E7BE724EE998300AB8C52 /* FavoritesViewController.swift */; };
		9D2E7BEA24EE9AD000AB8C52 /* AddFavoritesViewController.swift in Sources */ = {isa = PBXBuildFile; fileRef = 9D2E7BE924EE9AD000AB8C52 /* AddFavoritesViewController.swift */; };
		9D2E7BEC24EE9FE000AB8C52 /* Location.swift in Sources */ = {isa = PBXBuildFile; fileRef = 9D2E7BEB24EE9FE000AB8C52 /* Location.swift */; };
		9D2E7BEE24EEA0A200AB8C52 /* WeatherForDay.swift in Sources */ = {isa = PBXBuildFile; fileRef = 9D2E7BED24EEA0A200AB8C52 /* WeatherForDay.swift */; };
		9D2E7BF024EEA44B00AB8C52 /* WeatherDataModel.swift in Sources */ = {isa = PBXBuildFile; fileRef = 9D2E7BEF24EEA44B00AB8C52 /* WeatherDataModel.swift */; };
		9D2E7BF224EEB3AE00AB8C52 /* WeatherForDayCell.swift in Sources */ = {isa = PBXBuildFile; fileRef = 9D2E7BF124EEB3AE00AB8C52 /* WeatherForDayCell.swift */; };
		9D3265B224EEBF0100C78BE8 /* slonecznie.jpg in Resources */ = {isa = PBXBuildFile; fileRef = 9D3265AC24EEBF0000C78BE8 /* slonecznie.jpg */; };
		9D3265B324EEBF0100C78BE8 /* deszcz.jpg in Resources */ = {isa = PBXBuildFile; fileRef = 9D3265AD24EEBF0000C78BE8 /* deszcz.jpg */; };
		9D3265B424EEBF0100C78BE8 /* lekki_deszcz.jpg in Resources */ = {isa = PBXBuildFile; fileRef = 9D3265AE24EEBF0000C78BE8 /* lekki_deszcz.jpg */; };
		9D3265B524EEBF0100C78BE8 /* snieg.png in Resources */ = {isa = PBXBuildFile; fileRef = 9D3265AF24EEBF0000C78BE8 /* snieg.png */; };
		9D3265B624EEBF0100C78BE8 /* czesciowe_zachmurzenie.jpg in Resources */ = {isa = PBXBuildFile; fileRef = 9D3265B024EEBF0100C78BE8 /* czesciowe_zachmurzenie.jpg */; };
		9D3265B724EEBF0100C78BE8 /* zachmurzenie.jpg in Resources */ = {isa = PBXBuildFile; fileRef = 9D3265B124EEBF0100C78BE8 /* zachmurzenie.jpg */; };
		9D3265B924EEC69900C78BE8 /* FavoriteViewCell.swift in Sources */ = {isa = PBXBuildFile; fileRef = 9D3265B824EEC69900C78BE8 /* FavoriteViewCell.swift */; };
		9D3265BB24EEC7FB00C78BE8 /* AddFavoriteViewCell.swift in Sources */ = {isa = PBXBuildFile; fileRef = 9D3265BA24EEC7FB00C78BE8 /* AddFavoriteViewCell.swift */; };
/* End PBXBuildFile section */

/* Begin PBXFileReference section */
		9D2E7BCE24EE8D6A00AB8C52 /* WeatherApp.app */ = {isa = PBXFileReference; explicitFileType = wrapper.application; includeInIndex = 0; path = WeatherApp.app; sourceTree = BUILT_PRODUCTS_DIR; };
		9D2E7BD124EE8D6A00AB8C52 /* AppDelegate.swift */ = {isa = PBXFileReference; lastKnownFileType = sourcecode.swift; path = AppDelegate.swift; sourceTree = "<group>"; };
		9D2E7BD324EE8D6A00AB8C52 /* SceneDelegate.swift */ = {isa = PBXFileReference; lastKnownFileType = sourcecode.swift; path = SceneDelegate.swift; sourceTree = "<group>"; };
		9D2E7BD524EE8D6A00AB8C52 /* ViewController.swift */ = {isa = PBXFileReference; lastKnownFileType = sourcecode.swift; path = ViewController.swift; sourceTree = "<group>"; };
		9D2E7BD824EE8D6A00AB8C52 /* Base */ = {isa = PBXFileReference; lastKnownFileType = file.storyboard; name = Base; path = Base.lproj/Main.storyboard; sourceTree = "<group>"; };
		9D2E7BDA24EE8D7100AB8C52 /* Assets.xcassets */ = {isa = PBXFileReference; lastKnownFileType = folder.assetcatalog; path = Assets.xcassets; sourceTree = "<group>"; };
		9D2E7BDD24EE8D7100AB8C52 /* Base */ = {isa = PBXFileReference; lastKnownFileType = file.storyboard; name = Base; path = Base.lproj/LaunchScreen.storyboard; sourceTree = "<group>"; };
		9D2E7BDF24EE8D7100AB8C52 /* Info.plist */ = {isa = PBXFileReference; lastKnownFileType = text.plist.xml; path = Info.plist; sourceTree = "<group>"; };
		9D2E7BE724EE998300AB8C52 /* FavoritesViewController.swift */ = {isa = PBXFileReference; lastKnownFileType = sourcecode.swift; path = FavoritesViewController.swift; sourceTree = "<group>"; };
		9D2E7BE924EE9AD000AB8C52 /* AddFavoritesViewController.swift */ = {isa = PBXFileReference; lastKnownFileType = sourcecode.swift; path = AddFavoritesViewController.swift; sourceTree = "<group>"; };
		9D2E7BEB24EE9FE000AB8C52 /* Location.swift */ = {isa = PBXFileReference; lastKnownFileType = sourcecode.swift; path = Location.swift; sourceTree = "<group>"; };
		9D2E7BED24EEA0A200AB8C52 /* WeatherForDay.swift */ = {isa = PBXFileReference; lastKnownFileType = sourcecode.swift; path = WeatherForDay.swift; sourceTree = "<group>"; };
		9D2E7BEF24EEA44B00AB8C52 /* WeatherDataModel.swift */ = {isa = PBXFileReference; lastKnownFileType = sourcecode.swift; path = WeatherDataModel.swift; sourceTree = "<group>"; };
		9D2E7BF124EEB3AE00AB8C52 /* WeatherForDayCell.swift */ = {isa = PBXFileReference; lastKnownFileType = sourcecode.swift; path = WeatherForDayCell.swift; sourceTree = "<group>"; };
		9D3265AC24EEBF0000C78BE8 /* slonecznie.jpg */ = {isa = PBXFileReference; lastKnownFileType = image.jpeg; path = slonecznie.jpg; sourceTree = "<group>"; };
		9D3265AD24EEBF0000C78BE8 /* deszcz.jpg */ = {isa = PBXFileReference; lastKnownFileType = image.jpeg; path = deszcz.jpg; sourceTree = "<group>"; };
		9D3265AE24EEBF0000C78BE8 /* lekki_deszcz.jpg */ = {isa = PBXFileReference; lastKnownFileType = image.jpeg; path = lekki_deszcz.jpg; sourceTree = "<group>"; };
		9D3265AF24EEBF0000C78BE8 /* snieg.png */ = {isa = PBXFileReference; lastKnownFileType = image.png; path = snieg.png; sourceTree = "<group>"; };
		9D3265B024EEBF0100C78BE8 /* czesciowe_zachmurzenie.jpg */ = {isa = PBXFileReference; lastKnownFileType = image.jpeg; path = czesciowe_zachmurzenie.jpg; sourceTree = "<group>"; };
		9D3265B124EEBF0100C78BE8 /* zachmurzenie.jpg */ = {isa = PBXFileReference; lastKnownFileType = image.jpeg; path = zachmurzenie.jpg; sourceTree = "<group>"; };
		9D3265B824EEC69900C78BE8 /* FavoriteViewCell.swift */ = {isa = PBXFileReference; lastKnownFileType = sourcecode.swift; path = FavoriteViewCell.swift; sourceTree = "<group>"; };
		9D3265BA24EEC7FB00C78BE8 /* AddFavoriteViewCell.swift */ = {isa = PBXFileReference; lastKnownFileType = sourcecode.swift; path = AddFavoriteViewCell.swift; sourceTree = "<group>"; };
/* End PBXFileReference section */

/* Begin PBXFrameworksBuildPhase section */
		9D2E7BCB24EE8D6A00AB8C52 /* Frameworks */ = {
			isa = PBXFrameworksBuildPhase;
			buildActionMask = 2147483647;
			files = (
			);
			runOnlyForDeploymentPostprocessing = 0;
		};
/* End PBXFrameworksBuildPhase section */

/* Begin PBXGroup section */
		9D2E7BC524EE8D6A00AB8C52 = {
			isa = PBXGroup;
			children = (
				9D2E7BD024EE8D6A00AB8C52 /* WeatherApp */,
				9D2E7BCF24EE8D6A00AB8C52 /* Products */,
			);
			sourceTree = "<group>";
		};
		9D2E7BCF24EE8D6A00AB8C52 /* Products */ = {
			isa = PBXGroup;
			children = (
				9D2E7BCE24EE8D6A00AB8C52 /* WeatherApp.app */,
			);
			name = Products;
			sourceTree = "<group>";
		};
		9D2E7BD024EE8D6A00AB8C52 /* WeatherApp */ = {
			isa = PBXGroup;
			children = (
				9D2E7BF324EEB8E600AB8C52 /* img */,
				9D2E7BE624EE8E3100AB8C52 /* ui */,
				9D2E7BE524EE8E0F00AB8C52 /* src */,
				9D2E7BDA24EE8D7100AB8C52 /* Assets.xcassets */,
				9D2E7BDF24EE8D7100AB8C52 /* Info.plist */,
			);
			path = WeatherApp;
			sourceTree = "<group>";
		};
		9D2E7BE524EE8E0F00AB8C52 /* src */ = {
			isa = PBXGroup;
			children = (
				9D2E7BD124EE8D6A00AB8C52 /* AppDelegate.swift */,
				9D2E7BD324EE8D6A00AB8C52 /* SceneDelegate.swift */,
				9D2E7BD524EE8D6A00AB8C52 /* ViewController.swift */,
				9D2E7BE724EE998300AB8C52 /* FavoritesViewController.swift */,
				9D2E7BE924EE9AD000AB8C52 /* AddFavoritesViewController.swift */,
				9D2E7BF124EEB3AE00AB8C52 /* WeatherForDayCell.swift */,
				9D3265B824EEC69900C78BE8 /* FavoriteViewCell.swift */,
				9D3265BA24EEC7FB00C78BE8 /* AddFavoriteViewCell.swift */,
				9D2E7BEB24EE9FE000AB8C52 /* Location.swift */,
				9D2E7BED24EEA0A200AB8C52 /* WeatherForDay.swift */,
				9D2E7BEF24EEA44B00AB8C52 /* WeatherDataModel.swift */,
			);
			path = src;
			sourceTree = "<group>";
		};
		9D2E7BE624EE8E3100AB8C52 /* ui */ = {
			isa = PBXGroup;
			children = (
				9D2E7BD724EE8D6A00AB8C52 /* Main.storyboard */,
				9D2E7BDC24EE8D7100AB8C52 /* LaunchScreen.storyboard */,
			);
			path = ui;
			sourceTree = "<group>";
		};
		9D2E7BF324EEB8E600AB8C52 /* img */ = {
			isa = PBXGroup;
			children = (
				9D3265B024EEBF0100C78BE8 /* czesciowe_zachmurzenie.jpg */,
				9D3265AD24EEBF0000C78BE8 /* deszcz.jpg */,
				9D3265AE24EEBF0000C78BE8 /* lekki_deszcz.jpg */,
				9D3265AC24EEBF0000C78BE8 /* slonecznie.jpg */,
				9D3265AF24EEBF0000C78BE8 /* snieg.png */,
				9D3265B124EEBF0100C78BE8 /* zachmurzenie.jpg */,
			);
			path = img;
			sourceTree = "<group>";
		};
/* End PBXGroup section */

/* Begin PBXNativeTarget section */
		9D2E7BCD24EE8D6A00AB8C52 /* WeatherApp */ = {
			isa = PBXNativeTarget;
			buildConfigurationList = 9D2E7BE224EE8D7100AB8C52 /* Build configuration list for PBXNativeTarget "WeatherApp" */;
			buildPhases = (
				9D2E7BCA24EE8D6A00AB8C52 /* Sources */,
				9D2E7BCB24EE8D6A00AB8C52 /* Frameworks */,
				9D2E7BCC24EE8D6A00AB8C52 /* Resources */,
			);
			buildRules = (
			);
			dependencies = (
			);
			name = WeatherApp;
			productName = WeatherApp;
			productReference = 9D2E7BCE24EE8D6A00AB8C52 /* WeatherApp.app */;
			productType = "com.apple.product-type.application";
		};
/* End PBXNativeTarget section */

/* Begin PBXProject section */
		9D2E7BC624EE8D6A00AB8C52 /* Project object */ = {
			isa = PBXProject;
			attributes = {
				LastSwiftUpdateCheck = 1160;
				LastUpgradeCheck = 1160;
				ORGANIZATIONNAME = None;
				TargetAttributes = {
					9D2E7BCD24EE8D6A00AB8C52 = {
						CreatedOnToolsVersion = 11.6;
					};
				};
			};
			buildConfigurationList = 9D2E7BC924EE8D6A00AB8C52 /* Build configuration list for PBXProject "WeatherApp" */;
			compatibilityVersion = "Xcode 9.3";
			developmentRegion = en;
			hasScannedForEncodings = 0;
			knownRegions = (
				en,
				Base,
			);
			mainGroup = 9D2E7BC524EE8D6A00AB8C52;
			productRefGroup = 9D2E7BCF24EE8D6A00AB8C52 /* Products */;
			projectDirPath = "";
			projectRoot = "";
			targets = (
				9D2E7BCD24EE8D6A00AB8C52 /* WeatherApp */,
			);
		};
/* End PBXProject section */

/* Begin PBXResourcesBuildPhase section */
		9D2E7BCC24EE8D6A00AB8C52 /* Resources */ = {
			isa = PBXResourcesBuildPhase;
			buildActionMask = 2147483647;
			files = (
				9D3265B724EEBF0100C78BE8 /* zachmurzenie.jpg in Resources */,
				9D2E7BDE24EE8D7100AB8C52 /* LaunchScreen.storyboard in Resources */,
				9D3265B624EEBF0100C78BE8 /* czesciowe_zachmurzenie.jpg in Resources */,
				9D3265B424EEBF0100C78BE8 /* lekki_deszcz.jpg in Resources */,
				9D2E7BDB24EE8D7100AB8C52 /* Assets.xcassets in Resources */,
				9D3265B324EEBF0100C78BE8 /* deszcz.jpg in Resources */,
				9D2E7BD924EE8D6A00AB8C52 /* Main.storyboard in Resources */,
				9D3265B224EEBF0100C78BE8 /* slonecznie.jpg in Resources */,
				9D3265B524EEBF0100C78BE8 /* snieg.png in Resources */,
			);
			runOnlyForDeploymentPostprocessing = 0;
		};
/* End PBXResourcesBuildPhase section */

/* Begin PBXSourcesBuildPhase section */
		9D2E7BCA24EE8D6A00AB8C52 /* Sources */ = {
			isa = PBXSourcesBuildPhase;
			buildActionMask = 2147483647;
			files = (
				9D2E7BEA24EE9AD000AB8C52 /* AddFavoritesViewController.swift in Sources */,
				9D2E7BD624EE8D6A00AB8C52 /* ViewController.swift in Sources */,
				9D2E7BD224EE8D6A00AB8C52 /* AppDelegate.swift in Sources */,
				9D2E7BE824EE998300AB8C52 /* FavoritesViewController.swift in Sources */,
				9D2E7BF024EEA44B00AB8C52 /* WeatherDataModel.swift in Sources */,
				9D2E7BF224EEB3AE00AB8C52 /* WeatherForDayCell.swift in Sources */,
				9D3265BB24EEC7FB00C78BE8 /* AddFavoriteViewCell.swift in Sources */,
				9D3265B924EEC69900C78BE8 /* FavoriteViewCell.swift in Sources */,
				9D2E7BEC24EE9FE000AB8C52 /* Location.swift in Sources */,
				9D2E7BEE24EEA0A200AB8C52 /* WeatherForDay.swift in Sources */,
				9D2E7BD424EE8D6A00AB8C52 /* SceneDelegate.swift in Sources */,
			);
			runOnlyForDeploymentPostprocessing = 0;
		};
/* End PBXSourcesBuildPhase section */

/* Begin PBXVariantGroup section */
		9D2E7BD724EE8D6A00AB8C52 /* Main.storyboard */ = {
			isa = PBXVariantGroup;
			children = (
				9D2E7BD824EE8D6A00AB8C52 /* Base */,
			);
			name = Main.storyboard;
			sourceTree = "<group>";
		};
		9D2E7BDC24EE8D7100AB8C52 /* LaunchScreen.storyboard */ = {
			isa = PBXVariantGroup;
			children = (
				9D2E7BDD24EE8D7100AB8C52 /* Base */,
			);
			name = LaunchScreen.storyboard;
			sourceTree = "<group>";
		};
/* End PBXVariantGroup section */

/* Begin XCBuildConfiguration section */
		9D2E7BE024EE8D7100AB8C52 /* Debug */ = {
			isa = XCBuildConfiguration;
			buildSettings = {
				ALWAYS_SEARCH_USER_PATHS = NO;
				CLANG_ANALYZER_NONNULL = YES;
				CLANG_ANALYZER_NUMBER_OBJECT_CONVERSION = YES_AGGRESSIVE;
				CLANG_CXX_LANGUAGE_STANDARD = "gnu++14";
				CLANG_CXX_LIBRARY = "libc++";
				CLANG_ENABLE_MODULES = YES;
				CLANG_ENABLE_OBJC_ARC = YES;
				CLANG_ENABLE_OBJC_WEAK = YES;
				CLANG_WARN_BLOCK_CAPTURE_AUTORELEASING = YES;
				CLANG_WARN_BOOL_CONVERSION = YES;
				CLANG_WARN_COMMA = YES;
				CLANG_WARN_CONSTANT_CONVERSION = YES;
				CLANG_WARN_DEPRECATED_OBJC_IMPLEMENTATIONS = YES;
				CLANG_WARN_DIRECT_OBJC_ISA_USAGE = YES_ERROR;
				CLANG_WARN_DOCUMENTATION_COMMENTS = YES;
				CLANG_WARN_EMPTY_BODY = YES;
				CLANG_WARN_ENUM_CONVERSION = YES;
				CLANG_WARN_INFINITE_RECURSION = YES;
				CLANG_WARN_INT_CONVERSION = YES;
				CLANG_WARN_NON_LITERAL_NULL_CONVERSION = YES;
				CLANG_WARN_OBJC_IMPLICIT_RETAIN_SELF = YES;
				CLANG_WARN_OBJC_LITERAL_CONVERSION = YES;
				CLANG_WARN_OBJC_ROOT_CLASS = YES_ERROR;
				CLANG_WARN_RANGE_LOOP_ANALYSIS = YES;
				CLANG_WARN_STRICT_PROTOTYPES = YES;
				CLANG_WARN_SUSPICIOUS_MOVE = YES;
				CLANG_WARN_UNGUARDED_AVAILABILITY = YES_AGGRESSIVE;
				CLANG_WARN_UNREACHABLE_CODE = YES;
				CLANG_WARN__DUPLICATE_METHOD_MATCH = YES;
				COPY_PHASE_STRIP = NO;
				DEBUG_INFORMATION_FORMAT = dwarf;
				ENABLE_STRICT_OBJC_MSGSEND = YES;
				ENABLE_TESTABILITY = YES;
				GCC_C_LANGUAGE_STANDARD = gnu11;
				GCC_DYNAMIC_NO_PIC = NO;
				GCC_NO_COMMON_BLOCKS = YES;
				GCC_OPTIMIZATION_LEVEL = 0;
				GCC_PREPROCESSOR_DEFINITIONS = (
					"DEBUG=1",
					"$(inherited)",
				);
				GCC_WARN_64_TO_32_BIT_CONVERSION = YES;
				GCC_WARN_ABOUT_RETURN_TYPE = YES_ERROR;
				GCC_WARN_UNDECLARED_SELECTOR = YES;
				GCC_WARN_UNINITIALIZED_AUTOS = YES_AGGRESSIVE;
				GCC_WARN_UNUSED_FUNCTION = YES;
				GCC_WARN_UNUSED_VARIABLE = YES;
				IPHONEOS_DEPLOYMENT_TARGET = 13.6;
				MTL_ENABLE_DEBUG_INFO = INCLUDE_SOURCE;
				MTL_FAST_MATH = YES;
				ONLY_ACTIVE_ARCH = YES;
				SDKROOT = iphoneos;
				SWIFT_ACTIVE_COMPILATION_CONDITIONS = DEBUG;
				SWIFT_OPTIMIZATION_LEVEL = "-Onone";
			};
			name = Debug;
		};
		9D2E7BE124EE8D7100AB8C52 /* Release */ = {
			isa = XCBuildConfiguration;
			buildSettings = {
				ALWAYS_SEARCH_USER_PATHS = NO;
				CLANG_ANALYZER_NONNULL = YES;
				CLANG_ANALYZER_NUMBER_OBJECT_CONVERSION = YES_AGGRESSIVE;
				CLANG_CXX_LANGUAGE_STANDARD = "gnu++14";
				CLANG_CXX_LIBRARY = "libc++";
				CLANG_ENABLE_MODULES = YES;
				CLANG_ENABLE_OBJC_ARC = YES;
				CLANG_ENABLE_OBJC_WEAK = YES;
				CLANG_WARN_BLOCK_CAPTURE_AUTORELEASING = YES;
				CLANG_WARN_BOOL_CONVERSION = YES;
				CLANG_WARN_COMMA = YES;
				CLANG_WARN_CONSTANT_CONVERSION = YES;
				CLANG_WARN_DEPRECATED_OBJC_IMPLEMENTATIONS = YES;
				CLANG_WARN_DIRECT_OBJC_ISA_USAGE = YES_ERROR;
				CLANG_WARN_DOCUMENTATION_COMMENTS = YES;
				CLANG_WARN_EMPTY_BODY = YES;
				CLANG_WARN_ENUM_CONVERSION = YES;
				CLANG_WARN_INFINITE_RECURSION = YES;
				CLANG_WARN_INT_CONVERSION = YES;
				CLANG_WARN_NON_LITERAL_NULL_CONVERSION = YES;
				CLANG_WARN_OBJC_IMPLICIT_RETAIN_SELF = YES;
				CLANG_WARN_OBJC_LITERAL_CONVERSION = YES;
				CLANG_WARN_OBJC_ROOT_CLASS = YES_ERROR;
				CLANG_WARN_RANGE_LOOP_ANALYSIS = YES;
				CLANG_WARN_STRICT_PROTOTYPES = YES;
				CLANG_WARN_SUSPICIOUS_MOVE = YES;
				CLANG_WARN_UNGUARDED_AVAILABILITY = YES_AGGRESSIVE;
				CLANG_WARN_UNREACHABLE_CODE = YES;
				CLANG_WARN__DUPLICATE_METHOD_MATCH = YES;
				COPY_PHASE_STRIP = NO;
				DEBUG_INFORMATION_FORMAT = "dwarf-with-dsym";
				ENABLE_NS_ASSERTIONS = NO;
				ENABLE_STRICT_OBJC_MSGSEND = YES;
				GCC_C_LANGUAGE_STANDARD = gnu11;
				GCC_NO_COMMON_BLOCKS = YES;
				GCC_WARN_64_TO_32_BIT_CONVERSION = YES;
				GCC_WARN_ABOUT_RETURN_TYPE = YES_ERROR;
				GCC_WARN_UNDECLARED_SELECTOR = YES;
				GCC_WARN_UNINITIALIZED_AUTOS = YES_AGGRESSIVE;
				GCC_WARN_UNUSED_FUNCTION = YES;
				GCC_WARN_UNUSED_VARIABLE = YES;
				IPHONEOS_DEPLOYMENT_TARGET = 13.6;
				MTL_ENABLE_DEBUG_INFO = NO;
				MTL_FAST_MATH = YES;
				SDKROOT = iphoneos;
				SWIFT_COMPILATION_MODE = wholemodule;
				SWIFT_OPTIMIZATION_LEVEL = "-O";
				VALIDATE_PRODUCT = YES;
			};
			name = Release;
		};
		9D2E7BE324EE8D7100AB8C52 /* Debug */ = {
			isa = XCBuildConfiguration;
			buildSettings = {
				ASSETCATALOG_COMPILER_APPICON_NAME = AppIcon;
				CODE_SIGN_STYLE = Automatic;
				DEVELOPMENT_TEAM = 2R2M3KJN7D;
				INFOPLIST_FILE = WeatherApp/Info.plist;
				LD_RUNPATH_SEARCH_PATHS = (
					"$(inherited)",
					"@executable_path/Frameworks",
				);
				PRODUCT_BUNDLE_IDENTIFIER = None.WeatherApp;
				PRODUCT_NAME = "$(TARGET_NAME)";
				SWIFT_VERSION = 5.0;
				TARGETED_DEVICE_FAMILY = "1,2";
			};
			name = Debug;
		};
		9D2E7BE424EE8D7100AB8C52 /* Release */ = {
			isa = XCBuildConfiguration;
			buildSettings = {
				ASSETCATALOG_COMPILER_APPICON_NAME = AppIcon;
				CODE_SIGN_STYLE = Automatic;
				DEVELOPMENT_TEAM = 2R2M3KJN7D;
				INFOPLIST_FILE = WeatherApp/Info.plist;
				LD_RUNPATH_SEARCH_PATHS = (
					"$(inherited)",
					"@executable_path/Frameworks",
				);
				PRODUCT_BUNDLE_IDENTIFIER = None.WeatherApp;
				PRODUCT_NAME = "$(TARGET_NAME)";
				SWIFT_VERSION = 5.0;
				TARGETED_DEVICE_FAMILY = "1,2";
			};
			name = Release;
		};
/* End XCBuildConfiguration section */

/* Begin XCConfigurationList section */
		9D2E7BC924EE8D6A00AB8C52 /* Build configuration list for PBXProject "WeatherApp" */ = {
			isa = XCConfigurationList;
			buildConfigurations = (
				9D2E7BE024EE8D7100AB8C52 /* Debug */,
				9D2E7BE124EE8D7100AB8C52 /* Release */,
			);
			defaultConfigurationIsVisible = 0;
			defaultConfigurationName = Release;
		};
		9D2E7BE224EE8D7100AB8C52 /* Build configuration list for PBXNativeTarget "WeatherApp" */ = {
			isa = XCConfigurationList;
			buildConfigurations = (
				9D2E7BE324EE8D7100AB8C52 /* Debug */,
				9D2E7BE424EE8D7100AB8C52 /* Release */,
			);
			defaultConfigurationIsVisible = 0;
			defaultConfigurationName = Release;
		};
/* End XCConfigurationList section */
	};
	rootObject = 9D2E7BC624EE8D6A00AB8C52 /* Project object */;
}
